
Microsoft Visual Studio Solution File, Format Version 12.00
# Visual Studio Version 16
VisualStudioVersion = 16.0.30907.101
MinimumVisualStudioVersion = 10.0.40219.1
Project("{9A19103F-16F7-4668-BE54-9A1E7A4F7556}") = "DataAccsess", "DataAccsess\DataAccsess.csproj", "{DAD89DB8-8339-45E4-87E5-63181022684F}"
EndProject
Project("{9A19103F-16F7-4668-BE54-9A1E7A4F7556}") = "Business", "Business\Business.csproj", "{4496A4C8-140E-4A4D-B8C6-45600C84B35A}"
EndProject
Project("{9A19103F-16F7-4668-BE54-9A1E7A4F7556}") = "Entities", "Entities\Entities.csproj", "{CEB878B3-EB66-497B-8AAB-51C741CE4B46}"
EndProject
Project("{9A19103F-16F7-4668-BE54-9A1E7A4F7556}") = "ConsoleUI", "ConsoleUI\ConsoleUI.csproj", "{4870BFA6-943B-4D74-A360-93FE491134BA}"
EndProject
Project("{9A19103F-16F7-4668-BE54-9A1E7A4F7556}") = "Core", "Core\Core.csproj", "{8D3EE569-9D19-4913-8571-CD8FDCBA9DE3}"
EndProject
Project("{FAE04EC0-301F-11D3-BF4B-00C04F79EFBC}") = "WebAPI", "WebAPI\WebAPI.csproj", "{14CB9D2B-A6B4-4309-8A46-5A57364DE583}"
EndProject
Global
	GlobalSection(SolutionConfigurationPlatforms) = preSolution
		Debug|Any CPU = Debug|Any CPU
		Release|Any CPU = Release|Any CPU
	EndGlobalSection
	GlobalSection(ProjectConfigurationPlatforms) = postSolution
		{DAD89DB8-8339-45E4-87E5-63181022684F}.Debug|Any CPU.ActiveCfg = Debug|Any CPU
		{DAD89DB8-8339-45E4-87E5-63181022684F}.Debug|Any CPU.Build.0 = Debug|Any CPU
		{DAD89DB8-8339-45E4-87E5-63181022684F}.Release|Any CPU.ActiveCfg = Release|Any CPU
		{DAD89DB8-8339-45E4-87E5-63181022684F}.Release|Any CPU.Build.0 = Release|Any CPU
		{4496A4C8-140E-4A4D-B8C6-45600C84B35A}.Debug|Any CPU.ActiveCfg = Debug|Any CPU
		{4496A4C8-140E-4A4D-B8C6-45600C84B35A}.Debug|Any CPU.Build.0 = Debug|Any CPU
		{4496A4C8-140E-4A4D-B8C6-45600C84B35A}.Release|Any CPU.ActiveCfg = Release|Any CPU
		{4496A4C8-140E-4A4D-B8C6-45600C84B35A}.Release|Any CPU.Build.0 = Release|Any CPU
		{CEB878B3-EB66-497B-8AAB-51C741CE4B46}.Debug|Any CPU.ActiveCfg = Debug|Any CPU
		{CEB878B3-EB66-497B-8AAB-51C741CE4B46}.Debug|Any CPU.Build.0 = Debug|Any CPU
		{CEB878B3-EB66-497B-8AAB-51C741CE4B46}.Release|Any CPU.ActiveCfg = Release|Any CPU
		{CEB878B3-EB66-497B-8AAB-51C741CE4B46}.Release|Any CPU.Build.0 = Release|Any CPU
		{4870BFA6-943B-4D74-A360-93FE491134BA}.Debug|Any CPU.ActiveCfg = Debug|Any CPU
		{4870BFA6-943B-4D74-A360-93FE491134BA}.Debug|Any CPU.Build.0 = Debug|Any CPU
		{4870BFA6-943B-4D74-A360-93FE491134BA}.Release|Any CPU.ActiveCfg = Release|Any CPU
		{4870BFA6-943B-4D74-A360-93FE491134BA}.Release|Any CPU.Build.0 = Release|Any CPU
		{8D3EE569-9D19-4913-8571-CD8FDCBA9DE3}.Debug|Any CPU.ActiveCfg = Debug|Any CPU
		{8D3EE569-9D19-4913-8571-CD8FDCBA9DE3}.Debug|Any CPU.Build.0 = Debug|Any CPU
		{8D3EE569-9D19-4913-8571-CD8FDCBA9DE3}.Release|Any CPU.ActiveCfg = Release|Any CPU
		{8D3EE569-9D19-4913-8571-CD8FDCBA9DE3}.Release|Any CPU.Build.0 = Release|Any CPU
		{14CB9D2B-A6B4-4309-8A46-5A57364DE583}.Debug|Any CPU.ActiveCfg = Debug|Any CPU
		{14CB9D2B-A6B4-4309-8A46-5A57364DE583}.Debug|Any CPU.Build.0 = Debug|Any CPU
		{14CB9D2B-A6B4-4309-8A46-5A57364DE583}.Release|Any CPU.ActiveCfg = Release|Any CPU
		{14CB9D2B-A6B4-4309-8A46-5A57364DE583}.Release|Any CPU.Build.0 = Release|Any CPU
	EndGlobalSection
	GlobalSection(SolutionProperties) = preSolution
		HideSolutionNode = FALSE
	EndGlobalSection
	GlobalSection(ExtensibilityGlobals) = postSolution
		SolutionGuid = {C717B26E-DAF7-4FB2-8D30-8A4D6E3F2CE8}
	EndGlobalSection
EndGlobal
